
Microsoft Visual Studio Solution File, Format Version 12.00
# Visual Studio Version 17
VisualStudioVersion = 17.14.36408.4 d17.14
MinimumVisualStudioVersion = 10.0.40219.1
Project("{FAE04EC0-301F-11D3-BF4B-00C04F79EFBC}") = "API", "API.csproj", "{4348B414-982A-4B1F-B39B-F5EAB964FBC3}"
EndProject
Global
	GlobalSection(SolutionConfigurationPlatforms) = preSolution
		Debug|Any CPU = Debug|Any CPU
		Release|Any CPU = Release|Any CPU
	EndGlobalSection
	GlobalSection(ProjectConfigurationPlatforms) = postSolution
		{4348B414-982A-4B1F-B39B-F5EAB964FBC3}.Debug|Any CPU.ActiveCfg = Debug|Any CPU
		{4348B414-982A-4B1F-B39B-F5EAB964FBC3}.Debug|Any CPU.Build.0 = Debug|Any CPU
		{4348B414-982A-4B1F-B39B-F5EAB964FBC3}.Release|Any CPU.ActiveCfg = Release|Any CPU
		{4348B414-982A-4B1F-B39B-F5EAB964FBC3}.Release|Any CPU.Build.0 = Release|Any CPU
	EndGlobalSection
	GlobalSection(SolutionProperties) = preSolution
		HideSolutionNode = FALSE
	EndGlobalSection
	GlobalSection(ExtensibilityGlobals) = postSolution
		SolutionGuid = {00E0B07A-7589-488C-BAF8-A762961974C9}
	EndGlobalSection
EndGlobal
